
Microsoft Visual Studio Solution File, Format Version 12.00
# Visual Studio Version 17
VisualStudioVersion = 17.3.32929.385
MinimumVisualStudioVersion = 10.0.40219.1
Project("{FAE04EC0-301F-11D3-BF4B-00C04F79EFBC}") = "HW12", "HW12.csproj", "{3396ACDE-2F46-4EDB-ADD0-229DD28C5A6F}"
EndProject
Global
	GlobalSection(SolutionConfigurationPlatforms) = preSolution
		Debug|Any CPU = Debug|Any CPU
		Release|Any CPU = Release|Any CPU
	EndGlobalSection
	GlobalSection(ProjectConfigurationPlatforms) = postSolution
		{3396ACDE-2F46-4EDB-ADD0-229DD28C5A6F}.Debug|Any CPU.ActiveCfg = Debug|Any CPU
		{3396ACDE-2F46-4EDB-ADD0-229DD28C5A6F}.Debug|Any CPU.Build.0 = Debug|Any CPU
		{3396ACDE-2F46-4EDB-ADD0-229DD28C5A6F}.Release|Any CPU.ActiveCfg = Release|Any CPU
		{3396ACDE-2F46-4EDB-ADD0-229DD28C5A6F}.Release|Any CPU.Build.0 = Release|Any CPU
	EndGlobalSection
	GlobalSection(SolutionProperties) = preSolution
		HideSolutionNode = FALSE
	EndGlobalSection
	GlobalSection(ExtensibilityGlobals) = postSolution
		SolutionGuid = {618C185C-B195-4DB9-AF87-EAB42F2DEEBB}
	EndGlobalSection
EndGlobal
